
Microsoft Visual Studio Solution File, Format Version 12.00
# Visual Studio 15
Project("{FAE04EC0-301F-11D3-BF4B-00C04F79EFBC}") = "Assembly-CSharp", "Assembly-CSharp.csproj", "{27E6CACA-34C4-765B-1EDF-24EB3A35A12B}"
EndProject
Project("{FAE04EC0-301F-11D3-BF4B-00C04F79EFBC}") = "Assembly-CSharp-firstpass", "Assembly-CSharp-firstpass.csproj", "{43D7839B-D48D-E4BA-77B3-A5D82B73056D}"
EndProject
Project("{FAE04EC0-301F-11D3-BF4B-00C04F79EFBC}") = "Assembly-CSharp-Editor-firstpass", "Assembly-CSharp-Editor-firstpass.csproj", "{493F0211-DB10-BAEC-A2F1-ED51F3A23748}"
EndProject
Global
	GlobalSection(SolutionConfigurationPlatforms) = preSolution
		Debug|Any CPU = Debug|Any CPU
		Release|Any CPU = Release|Any CPU
	EndGlobalSection
	GlobalSection(ProjectConfigurationPlatforms) = postSolution
		{27E6CACA-34C4-765B-1EDF-24EB3A35A12B}.Debug|Any CPU.ActiveCfg = Debug|Any CPU
		{27E6CACA-34C4-765B-1EDF-24EB3A35A12B}.Debug|Any CPU.Build.0 = Debug|Any CPU
		{27E6CACA-34C4-765B-1EDF-24EB3A35A12B}.Release|Any CPU.ActiveCfg = Release|Any CPU
		{27E6CACA-34C4-765B-1EDF-24EB3A35A12B}.Release|Any CPU.Build.0 = Release|Any CPU
		{43D7839B-D48D-E4BA-77B3-A5D82B73056D}.Debug|Any CPU.ActiveCfg = Debug|Any CPU
		{43D7839B-D48D-E4BA-77B3-A5D82B73056D}.Debug|Any CPU.Build.0 = Debug|Any CPU
		{43D7839B-D48D-E4BA-77B3-A5D82B73056D}.Release|Any CPU.ActiveCfg = Release|Any CPU
		{43D7839B-D48D-E4BA-77B3-A5D82B73056D}.Release|Any CPU.Build.0 = Release|Any CPU
		{493F0211-DB10-BAEC-A2F1-ED51F3A23748}.Debug|Any CPU.ActiveCfg = Debug|Any CPU
		{493F0211-DB10-BAEC-A2F1-ED51F3A23748}.Debug|Any CPU.Build.0 = Debug|Any CPU
		{493F0211-DB10-BAEC-A2F1-ED51F3A23748}.Release|Any CPU.ActiveCfg = Release|Any CPU
		{493F0211-DB10-BAEC-A2F1-ED51F3A23748}.Release|Any CPU.Build.0 = Release|Any CPU
	EndGlobalSection
	GlobalSection(SolutionProperties) = preSolution
		HideSolutionNode = FALSE
	EndGlobalSection
EndGlobal
